
Microsoft Visual Studio Solution File, Format Version 12.00
# Visual Studio Version 17
VisualStudioVersion = 17.5.002.0
MinimumVisualStudioVersion = 10.0.40219.1
Project("{9A19103F-16F7-4668-BE54-9A1E7A4F7556}") = "Gradebook", "grades_example\Gradebook.csproj", "{5E46AFD5-1860-45DD-8843-B57DE5BA5168}"
EndProject
Project("{2150E333-8FDC-42A3-9474-1A3956D46DE8}") = "csharp-prep", "csharp-prep", "{CADB4237-CD0F-4413-AB0C-5E016719850A}"
EndProject
Project("{9A19103F-16F7-4668-BE54-9A1E7A4F7556}") = "Prep1", "csharp-prep\Prep1\Prep1.csproj", "{7500E550-BAA6-433F-921A-0826AF742A5D}"
EndProject
Project("{9A19103F-16F7-4668-BE54-9A1E7A4F7556}") = "Prep2", "csharp-prep\Prep2\Prep2.csproj", "{DB15D450-F345-43B9-8AF9-339C77B092C0}"
EndProject
Project("{9A19103F-16F7-4668-BE54-9A1E7A4F7556}") = "Prep3", "csharp-prep\Prep3\Prep3.csproj", "{2B1988E4-D1E8-4038-8217-97740EAB242F}"
EndProject
Project("{9A19103F-16F7-4668-BE54-9A1E7A4F7556}") = "Prep4", "csharp-prep\Prep4\Prep4.csproj", "{F1DD3920-A18F-4B18-AD63-03D238705AA4}"
EndProject
Project("{9A19103F-16F7-4668-BE54-9A1E7A4F7556}") = "Prep5", "csharp-prep\Prep5\Prep5.csproj", "{A8F07B27-AE91-4608-81BD-229DE52B53B7}"
EndProject
Project("{2150E333-8FDC-42A3-9474-1A3956D46DE8}") = "final", "final", "{D0F122F5-ACAE-486F-A6FF-4F42D83FC1F0}"
EndProject
Project("{9A19103F-16F7-4668-BE54-9A1E7A4F7556}") = "FinalProject", "final\FinalProject\FinalProject.csproj", "{38850EBE-A66C-4155-BD10-5D6893B478E9}"
EndProject
Project("{9A19103F-16F7-4668-BE54-9A1E7A4F7556}") = "Foundation1", "final\Foundation1\Foundation1.csproj", "{37FD5121-AB6A-451A-845B-2690EEAF05EC}"
EndProject
Project("{9A19103F-16F7-4668-BE54-9A1E7A4F7556}") = "Foundation2", "final\Foundation2\Foundation2.csproj", "{5FCF2961-FB84-49B6-97B0-82C1A965C133}"
EndProject
Project("{9A19103F-16F7-4668-BE54-9A1E7A4F7556}") = "Foundation3", "final\Foundation3\Foundation3.csproj", "{0EAF0AB6-E207-486D-963B-827F8A33727B}"
EndProject
Project("{9A19103F-16F7-4668-BE54-9A1E7A4F7556}") = "Foundation4", "final\Foundation4\Foundation4.csproj", "{41DCFC6E-B154-4516-BAC0-CA8AB1F28874}"
EndProject
Project("{2150E333-8FDC-42A3-9474-1A3956D46DE8}") = "prepare", "prepare", "{46124263-40E4-4C1C-9656-1A090F95EBD8}"
EndProject
Project("{9A19103F-16F7-4668-BE54-9A1E7A4F7556}") = "Learning02", "prepare\Learning02\Learning02.csproj", "{85313827-D021-4FBA-A69E-B8CF9B31CC78}"
EndProject
Project("{9A19103F-16F7-4668-BE54-9A1E7A4F7556}") = "Learning03", "prepare\Learning03\Learning03.csproj", "{F4D74365-2DA6-4D8F-BF20-99E3D5C078BF}"
EndProject
Project("{9A19103F-16F7-4668-BE54-9A1E7A4F7556}") = "Learning04", "prepare\Learning04\Learning04.csproj", "{C42E58A1-8DCD-4390-9F3D-FD4A3E64E394}"
EndProject
Project("{9A19103F-16F7-4668-BE54-9A1E7A4F7556}") = "Learning05", "prepare\Learning05\Learning05.csproj", "{71EADAE0-E203-466F-9937-7F171A1866D7}"
EndProject
Project("{2150E333-8FDC-42A3-9474-1A3956D46DE8}") = "prove", "prove", "{DBB6C2EE-90B3-463A-83BC-2638D4A54A1D}"
EndProject
Project("{9A19103F-16F7-4668-BE54-9A1E7A4F7556}") = "Develop02", "prove\Develop02\Develop02.csproj", "{899AF625-FF87-45B5-B3EB-059A7CF80A22}"
EndProject
Project("{9A19103F-16F7-4668-BE54-9A1E7A4F7556}") = "Develop03", "prove\Develop03\Develop03.csproj", "{4A55627A-82A9-4AB1-B7DD-4EFB8381B8CF}"
EndProject
Project("{9A19103F-16F7-4668-BE54-9A1E7A4F7556}") = "Develop04", "prove\Develop04\Develop04.csproj", "{443EB66F-2F3D-4AF3-BED1-E6A9F021036C}"
EndProject
Project("{9A19103F-16F7-4668-BE54-9A1E7A4F7556}") = "Develop05", "prove\Develop05\Develop05.csproj", "{7E75825C-D790-4B24-9E03-9A1095948C5C}"
EndProject
Project("{2150E333-8FDC-42A3-9474-1A3956D46DE8}") = "sandbox", "sandbox", "{97F0337A-6154-4770-906C-85884D344449}"
EndProject
Project("{9A19103F-16F7-4668-BE54-9A1E7A4F7556}") = "Sandbox", "sandbox\Sandbox\Sandbox.csproj", "{F446BA78-5764-4C55-A75A-3BEDF38C2A33}"
EndProject
Global
	GlobalSection(SolutionConfigurationPlatforms) = preSolution
		Debug|Any CPU = Debug|Any CPU
		Release|Any CPU = Release|Any CPU
	EndGlobalSection
	GlobalSection(ProjectConfigurationPlatforms) = postSolution
		{5E46AFD5-1860-45DD-8843-B57DE5BA5168}.Debug|Any CPU.ActiveCfg = Debug|Any CPU
		{5E46AFD5-1860-45DD-8843-B57DE5BA5168}.Debug|Any CPU.Build.0 = Debug|Any CPU
		{5E46AFD5-1860-45DD-8843-B57DE5BA5168}.Release|Any CPU.ActiveCfg = Release|Any CPU
		{5E46AFD5-1860-45DD-8843-B57DE5BA5168}.Release|Any CPU.Build.0 = Release|Any CPU
		{7500E550-BAA6-433F-921A-0826AF742A5D}.Debug|Any CPU.ActiveCfg = Debug|Any CPU
		{7500E550-BAA6-433F-921A-0826AF742A5D}.Debug|Any CPU.Build.0 = Debug|Any CPU
		{7500E550-BAA6-433F-921A-0826AF742A5D}.Release|Any CPU.ActiveCfg = Release|Any CPU
		{7500E550-BAA6-433F-921A-0826AF742A5D}.Release|Any CPU.Build.0 = Release|Any CPU
		{DB15D450-F345-43B9-8AF9-339C77B092C0}.Debug|Any CPU.ActiveCfg = Debug|Any CPU
		{DB15D450-F345-43B9-8AF9-339C77B092C0}.Debug|Any CPU.Build.0 = Debug|Any CPU
		{DB15D450-F345-43B9-8AF9-339C77B092C0}.Release|Any CPU.ActiveCfg = Release|Any CPU
		{DB15D450-F345-43B9-8AF9-339C77B092C0}.Release|Any CPU.Build.0 = Release|Any CPU
		{2B1988E4-D1E8-4038-8217-97740EAB242F}.Debug|Any CPU.ActiveCfg = Debug|Any CPU
		{2B1988E4-D1E8-4038-8217-97740EAB242F}.Debug|Any CPU.Build.0 = Debug|Any CPU
		{2B1988E4-D1E8-4038-8217-97740EAB242F}.Release|Any CPU.ActiveCfg = Release|Any CPU
		{2B1988E4-D1E8-4038-8217-97740EAB242F}.Release|Any CPU.Build.0 = Release|Any CPU
		{F1DD3920-A18F-4B18-AD63-03D238705AA4}.Debug|Any CPU.ActiveCfg = Debug|Any CPU
		{F1DD3920-A18F-4B18-AD63-03D238705AA4}.Debug|Any CPU.Build.0 = Debug|Any CPU
		{F1DD3920-A18F-4B18-AD63-03D238705AA4}.Release|Any CPU.ActiveCfg = Release|Any CPU
		{F1DD3920-A18F-4B18-AD63-03D238705AA4}.Release|Any CPU.Build.0 = Release|Any CPU
		{A8F07B27-AE91-4608-81BD-229DE52B53B7}.Debug|Any CPU.ActiveCfg = Debug|Any CPU
		{A8F07B27-AE91-4608-81BD-229DE52B53B7}.Debug|Any CPU.Build.0 = Debug|Any CPU
		{A8F07B27-AE91-4608-81BD-229DE52B53B7}.Release|Any CPU.ActiveCfg = Release|Any CPU
		{A8F07B27-AE91-4608-81BD-229DE52B53B7}.Release|Any CPU.Build.0 = Release|Any CPU
		{38850EBE-A66C-4155-BD10-5D6893B478E9}.Debug|Any CPU.ActiveCfg = Debug|Any CPU
		{38850EBE-A66C-4155-BD10-5D6893B478E9}.Debug|Any CPU.Build.0 = Debug|Any CPU
		{38850EBE-A66C-4155-BD10-5D6893B478E9}.Release|Any CPU.ActiveCfg = Release|Any CPU
		{38850EBE-A66C-4155-BD10-5D6893B478E9}.Release|Any CPU.Build.0 = Release|Any CPU
		{37FD5121-AB6A-451A-845B-2690EEAF05EC}.Debug|Any CPU.ActiveCfg = Debug|Any CPU
		{37FD5121-AB6A-451A-845B-2690EEAF05EC}.Debug|Any CPU.Build.0 = Debug|Any CPU
		{37FD5121-AB6A-451A-845B-2690EEAF05EC}.Release|Any CPU.ActiveCfg = Release|Any CPU
		{37FD5121-AB6A-451A-845B-2690EEAF05EC}.Release|Any CPU.Build.0 = Release|Any CPU
		{5FCF2961-FB84-49B6-97B0-82C1A965C133}.Debug|Any CPU.ActiveCfg = Debug|Any CPU
		{5FCF2961-FB84-49B6-97B0-82C1A965C133}.Debug|Any CPU.Build.0 = Debug|Any CPU
		{5FCF2961-FB84-49B6-97B0-82C1A965C133}.Release|Any CPU.ActiveCfg = Release|Any CPU
		{5FCF2961-FB84-49B6-97B0-82C1A965C133}.Release|Any CPU.Build.0 = Release|Any CPU
		{0EAF0AB6-E207-486D-963B-827F8A33727B}.Debug|Any CPU.ActiveCfg = Debug|Any CPU
		{0EAF0AB6-E207-486D-963B-827F8A33727B}.Debug|Any CPU.Build.0 = Debug|Any CPU
		{0EAF0AB6-E207-486D-963B-827F8A33727B}.Release|Any CPU.ActiveCfg = Release|Any CPU
		{0EAF0AB6-E207-486D-963B-827F8A33727B}.Release|Any CPU.Build.0 = Release|Any CPU
		{41DCFC6E-B154-4516-BAC0-CA8AB1F28874}.Debug|Any CPU.ActiveCfg = Debug|Any CPU
		{41DCFC6E-B154-4516-BAC0-CA8AB1F28874}.Debug|Any CPU.Build.0 = Debug|Any CPU
		{41DCFC6E-B154-4516-BAC0-CA8AB1F28874}.Release|Any CPU.ActiveCfg = Release|Any CPU
		{41DCFC6E-B154-4516-BAC0-CA8AB1F28874}.Release|Any CPU.Build.0 = Release|Any CPU
		{85313827-D021-4FBA-A69E-B8CF9B31CC78}.Debug|Any CPU.ActiveCfg = Debug|Any CPU
		{85313827-D021-4FBA-A69E-B8CF9B31CC78}.Debug|Any CPU.Build.0 = Debug|Any CPU
		{85313827-D021-4FBA-A69E-B8CF9B31CC78}.Release|Any CPU.ActiveCfg = Release|Any CPU
		{85313827-D021-4FBA-A69E-B8CF9B31CC78}.Release|Any CPU.Build.0 = Release|Any CPU
		{F4D74365-2DA6-4D8F-BF20-99E3D5C078BF}.Debug|Any CPU.ActiveCfg = Debug|Any CPU
		{F4D74365-2DA6-4D8F-BF20-99E3D5C078BF}.Debug|Any CPU.Build.0 = Debug|Any CPU
		{F4D74365-2DA6-4D8F-BF20-99E3D5C078BF}.Release|Any CPU.ActiveCfg = Release|Any CPU
		{F4D74365-2DA6-4D8F-BF20-99E3D5C078BF}.Release|Any CPU.Build.0 = Release|Any CPU
		{C42E58A1-8DCD-4390-9F3D-FD4A3E64E394}.Debug|Any CPU.ActiveCfg = Debug|Any CPU
		{C42E58A1-8DCD-4390-9F3D-FD4A3E64E394}.Debug|Any CPU.Build.0 = Debug|Any CPU
		{C42E58A1-8DCD-4390-9F3D-FD4A3E64E394}.Release|Any CPU.ActiveCfg = Release|Any CPU
		{C42E58A1-8DCD-4390-9F3D-FD4A3E64E394}.Release|Any CPU.Build.0 = Release|Any CPU
		{71EADAE0-E203-466F-9937-7F171A1866D7}.Debug|Any CPU.ActiveCfg = Debug|Any CPU
		{71EADAE0-E203-466F-9937-7F171A1866D7}.Debug|Any CPU.Build.0 = Debug|Any CPU
		{71EADAE0-E203-466F-9937-7F171A1866D7}.Release|Any CPU.ActiveCfg = Release|Any CPU
		{71EADAE0-E203-466F-9937-7F171A1866D7}.Release|Any CPU.Build.0 = Release|Any CPU
		{899AF625-FF87-45B5-B3EB-059A7CF80A22}.Debug|Any CPU.ActiveCfg = Debug|Any CPU
		{899AF625-FF87-45B5-B3EB-059A7CF80A22}.Debug|Any CPU.Build.0 = Debug|Any CPU
		{899AF625-FF87-45B5-B3EB-059A7CF80A22}.Release|Any CPU.ActiveCfg = Release|Any CPU
		{899AF625-FF87-45B5-B3EB-059A7CF80A22}.Release|Any CPU.Build.0 = Release|Any CPU
		{4A55627A-82A9-4AB1-B7DD-4EFB8381B8CF}.Debug|Any CPU.ActiveCfg = Debug|Any CPU
		{4A55627A-82A9-4AB1-B7DD-4EFB8381B8CF}.Debug|Any CPU.Build.0 = Debug|Any CPU
		{4A55627A-82A9-4AB1-B7DD-4EFB8381B8CF}.Release|Any CPU.ActiveCfg = Release|Any CPU
		{4A55627A-82A9-4AB1-B7DD-4EFB8381B8CF}.Release|Any CPU.Build.0 = Release|Any CPU
		{443EB66F-2F3D-4AF3-BED1-E6A9F021036C}.Debug|Any CPU.ActiveCfg = Debug|Any CPU
		{443EB66F-2F3D-4AF3-BED1-E6A9F021036C}.Debug|Any CPU.Build.0 = Debug|Any CPU
		{443EB66F-2F3D-4AF3-BED1-E6A9F021036C}.Release|Any CPU.ActiveCfg = Release|Any CPU
		{443EB66F-2F3D-4AF3-BED1-E6A9F021036C}.Release|Any CPU.Build.0 = Release|Any CPU
		{7E75825C-D790-4B24-9E03-9A1095948C5C}.Debug|Any CPU.ActiveCfg = Debug|Any CPU
		{7E75825C-D790-4B24-9E03-9A1095948C5C}.Debug|Any CPU.Build.0 = Debug|Any CPU
		{7E75825C-D790-4B24-9E03-9A1095948C5C}.Release|Any CPU.ActiveCfg = Release|Any CPU
		{7E75825C-D790-4B24-9E03-9A1095948C5C}.Release|Any CPU.Build.0 = Release|Any CPU
		{F446BA78-5764-4C55-A75A-3BEDF38C2A33}.Debug|Any CPU.ActiveCfg = Debug|Any CPU
		{F446BA78-5764-4C55-A75A-3BEDF38C2A33}.Debug|Any CPU.Build.0 = Debug|Any CPU
		{F446BA78-5764-4C55-A75A-3BEDF38C2A33}.Release|Any CPU.ActiveCfg = Release|Any CPU
		{F446BA78-5764-4C55-A75A-3BEDF38C2A33}.Release|Any CPU.Build.0 = Release|Any CPU
	EndGlobalSection
	GlobalSection(SolutionProperties) = preSolution
		HideSolutionNode = FALSE
	EndGlobalSection
	GlobalSection(NestedProjects) = preSolution
		{7500E550-BAA6-433F-921A-0826AF742A5D} = {CADB4237-CD0F-4413-AB0C-5E016719850A}
		{DB15D450-F345-43B9-8AF9-339C77B092C0} = {CADB4237-CD0F-4413-AB0C-5E016719850A}
		{2B1988E4-D1E8-4038-8217-97740EAB242F} = {CADB4237-CD0F-4413-AB0C-5E016719850A}
		{F1DD3920-A18F-4B18-AD63-03D238705AA4} = {CADB4237-CD0F-4413-AB0C-5E016719850A}
		{A8F07B27-AE91-4608-81BD-229DE52B53B7} = {CADB4237-CD0F-4413-AB0C-5E016719850A}
		{38850EBE-A66C-4155-BD10-5D6893B478E9} = {D0F122F5-ACAE-486F-A6FF-4F42D83FC1F0}
		{37FD5121-AB6A-451A-845B-2690EEAF05EC} = {D0F122F5-ACAE-486F-A6FF-4F42D83FC1F0}
		{5FCF2961-FB84-49B6-97B0-82C1A965C133} = {D0F122F5-ACAE-486F-A6FF-4F42D83FC1F0}
		{0EAF0AB6-E207-486D-963B-827F8A33727B} = {D0F122F5-ACAE-486F-A6FF-4F42D83FC1F0}
		{41DCFC6E-B154-4516-BAC0-CA8AB1F28874} = {D0F122F5-ACAE-486F-A6FF-4F42D83FC1F0}
		{85313827-D021-4FBA-A69E-B8CF9B31CC78} = {46124263-40E4-4C1C-9656-1A090F95EBD8}
		{F4D74365-2DA6-4D8F-BF20-99E3D5C078BF} = {46124263-40E4-4C1C-9656-1A090F95EBD8}
		{C42E58A1-8DCD-4390-9F3D-FD4A3E64E394} = {46124263-40E4-4C1C-9656-1A090F95EBD8}
		{71EADAE0-E203-466F-9937-7F171A1866D7} = {46124263-40E4-4C1C-9656-1A090F95EBD8}
		{899AF625-FF87-45B5-B3EB-059A7CF80A22} = {DBB6C2EE-90B3-463A-83BC-2638D4A54A1D}
		{4A55627A-82A9-4AB1-B7DD-4EFB8381B8CF} = {DBB6C2EE-90B3-463A-83BC-2638D4A54A1D}
		{443EB66F-2F3D-4AF3-BED1-E6A9F021036C} = {DBB6C2EE-90B3-463A-83BC-2638D4A54A1D}
		{7E75825C-D790-4B24-9E03-9A1095948C5C} = {DBB6C2EE-90B3-463A-83BC-2638D4A54A1D}
		{F446BA78-5764-4C55-A75A-3BEDF38C2A33} = {97F0337A-6154-4770-906C-85884D344449}
	EndGlobalSection
	GlobalSection(ExtensibilityGlobals) = postSolution
		SolutionGuid = {6C6BB035-CF23-47D4-BC9E-FEC41967A1F6}
	EndGlobalSection
EndGlobal
